
Microsoft Visual Studio Solution File, Format Version 12.00
# Visual Studio Version 16
VisualStudioVersion = 16.0.30804.86
MinimumVisualStudioVersion = 10.0.40219.1
Project("{FAE04EC0-301F-11D3-BF4B-00C04F79EFBC}") = "TRMDataManager", "TRMDataManager\TRMDataManager.csproj", "{1ABA3B5C-209A-4C5A-B5F2-C83E197378CF}"
EndProject
Global
	GlobalSection(SolutionConfigurationPlatforms) = preSolution
		Debug|Any CPU = Debug|Any CPU
		Release|Any CPU = Release|Any CPU
	EndGlobalSection
	GlobalSection(ProjectConfigurationPlatforms) = postSolution
		{1ABA3B5C-209A-4C5A-B5F2-C83E197378CF}.Debug|Any CPU.ActiveCfg = Debug|Any CPU
		{1ABA3B5C-209A-4C5A-B5F2-C83E197378CF}.Debug|Any CPU.Build.0 = Debug|Any CPU
		{1ABA3B5C-209A-4C5A-B5F2-C83E197378CF}.Release|Any CPU.ActiveCfg = Release|Any CPU
		{1ABA3B5C-209A-4C5A-B5F2-C83E197378CF}.Release|Any CPU.Build.0 = Release|Any CPU
	EndGlobalSection
	GlobalSection(SolutionProperties) = preSolution
		HideSolutionNode = FALSE
	EndGlobalSection
	GlobalSection(ExtensibilityGlobals) = postSolution
		SolutionGuid = {9346D766-5A66-4AB6-8FDE-2A4EE2A6A694}
	EndGlobalSection
EndGlobal
